
Microsoft Visual Studio Solution File, Format Version 12.00
# Visual Studio 15
VisualStudioVersion = 15.0.28010.2050
MinimumVisualStudioVersion = 10.0.40219.1
Project("{2150E333-8FDC-42A3-9474-1A3956D46DE8}") = "src", "src", "{D3746CF3-F973-4B6E-8EB6-625E43C4A739}"
EndProject
Project("{2150E333-8FDC-42A3-9474-1A3956D46DE8}") = "docs", "docs", "{34CB00F7-6169-4522-B581-D997189EB475}"
	ProjectSection(SolutionItems) = preProject
		docs\guidebook.md = docs\guidebook.md
	EndProjectSection
EndProject
Project("{2150E333-8FDC-42A3-9474-1A3956D46DE8}") = "Api", "Api", "{A8D421F4-9B32-42A5-9BAF-F7BB5509C36F}"
EndProject
Project("{FAE04EC0-301F-11D3-BF4B-00C04F79EFBC}") = "OilyTools.Api", "src\Api\OilyTools.Api\OilyTools.Api.csproj", "{2DC10366-3B6B-4B2E-B72A-57125B193002}"
EndProject
Project("{2150E333-8FDC-42A3-9474-1A3956D46DE8}") = "diagrams", "diagrams", "{4B03FF3A-FB79-4D32-AFB6-D81FDA738BD6}"
	ProjectSection(SolutionItems) = preProject
		docs\diagrams\system-context.json = docs\diagrams\system-context.json
		docs\diagrams\system-context.png = docs\diagrams\system-context.png
	EndProjectSection
EndProject
Project("{2150E333-8FDC-42A3-9474-1A3956D46DE8}") = "guidebook", "guidebook", "{C34E40B4-8602-4706-A88C-0BB867FB4A79}"
	ProjectSection(SolutionItems) = preProject
		docs\guidebook\code.md = docs\guidebook\code.md
		docs\guidebook\constraints.md = docs\guidebook\constraints.md
		docs\guidebook\context.md = docs\guidebook\context.md
		docs\guidebook\decision-log.md = docs\guidebook\decision-log.md
		docs\guidebook\deployment.md = docs\guidebook\deployment.md
		docs\guidebook\development-environment.md = docs\guidebook\development-environment.md
		docs\guidebook\functional-overview.md = docs\guidebook\functional-overview.md
		docs\guidebook\infrastructure-architecture.md = docs\guidebook\infrastructure-architecture.md
		docs\guidebook\introduction.md = docs\guidebook\introduction.md
		docs\guidebook\operation-support.md = docs\guidebook\operation-support.md
		docs\guidebook\principles.md = docs\guidebook\principles.md
		docs\guidebook\quality-attributes.md = docs\guidebook\quality-attributes.md
		docs\guidebook\software-architecture.md = docs\guidebook\software-architecture.md
	EndProjectSection
EndProject
Project("{2150E333-8FDC-42A3-9474-1A3956D46DE8}") = "Core", "Core", "{D1A73EE5-D33F-4583-BAD0-504364715274}"
EndProject
Project("{2150E333-8FDC-42A3-9474-1A3956D46DE8}") = "Web", "Web", "{B2B1FFD9-63E8-4A2C-95C1-992B7323F07D}"
EndProject
Project("{FAE04EC0-301F-11D3-BF4B-00C04F79EFBC}") = "OilyTools.Core", "src\Core\OilyTools.Core\OilyTools.Core.csproj", "{DC80370F-31BB-4909-8187-95BE66F5227E}"
EndProject
Global
	GlobalSection(SolutionConfigurationPlatforms) = preSolution
		Debug|Any CPU = Debug|Any CPU
		Release|Any CPU = Release|Any CPU
	EndGlobalSection
	GlobalSection(ProjectConfigurationPlatforms) = postSolution
		{2DC10366-3B6B-4B2E-B72A-57125B193002}.Debug|Any CPU.ActiveCfg = Debug|Any CPU
		{2DC10366-3B6B-4B2E-B72A-57125B193002}.Debug|Any CPU.Build.0 = Debug|Any CPU
		{2DC10366-3B6B-4B2E-B72A-57125B193002}.Release|Any CPU.ActiveCfg = Release|Any CPU
		{2DC10366-3B6B-4B2E-B72A-57125B193002}.Release|Any CPU.Build.0 = Release|Any CPU
		{DC80370F-31BB-4909-8187-95BE66F5227E}.Debug|Any CPU.ActiveCfg = Debug|Any CPU
		{DC80370F-31BB-4909-8187-95BE66F5227E}.Debug|Any CPU.Build.0 = Debug|Any CPU
		{DC80370F-31BB-4909-8187-95BE66F5227E}.Release|Any CPU.ActiveCfg = Release|Any CPU
		{DC80370F-31BB-4909-8187-95BE66F5227E}.Release|Any CPU.Build.0 = Release|Any CPU
	EndGlobalSection
	GlobalSection(SolutionProperties) = preSolution
		HideSolutionNode = FALSE
	EndGlobalSection
	GlobalSection(NestedProjects) = preSolution
		{A8D421F4-9B32-42A5-9BAF-F7BB5509C36F} = {D3746CF3-F973-4B6E-8EB6-625E43C4A739}
		{2DC10366-3B6B-4B2E-B72A-57125B193002} = {A8D421F4-9B32-42A5-9BAF-F7BB5509C36F}
		{4B03FF3A-FB79-4D32-AFB6-D81FDA738BD6} = {34CB00F7-6169-4522-B581-D997189EB475}
		{C34E40B4-8602-4706-A88C-0BB867FB4A79} = {34CB00F7-6169-4522-B581-D997189EB475}
		{D1A73EE5-D33F-4583-BAD0-504364715274} = {D3746CF3-F973-4B6E-8EB6-625E43C4A739}
		{B2B1FFD9-63E8-4A2C-95C1-992B7323F07D} = {D3746CF3-F973-4B6E-8EB6-625E43C4A739}
		{DC80370F-31BB-4909-8187-95BE66F5227E} = {D1A73EE5-D33F-4583-BAD0-504364715274}
	EndGlobalSection
	GlobalSection(ExtensibilityGlobals) = postSolution
		SolutionGuid = {2E9A2091-1B2C-47BC-9D6A-C528160F88EA}
	EndGlobalSection
EndGlobal
