
Microsoft Visual Studio Solution File, Format Version 12.00
# Visual Studio 15
VisualStudioVersion = 15.0.28010.2050
MinimumVisualStudioVersion = 10.0.40219.1
Project("{2150E333-8FDC-42A3-9474-1A3956D46DE8}") = "docs", "docs", "{34CB00F7-6169-4522-B581-D997189EB475}"
	ProjectSection(SolutionItems) = preProject
		docs\guidebook.md = docs\guidebook.md
	EndProjectSection
EndProject
Project("{2150E333-8FDC-42A3-9474-1A3956D46DE8}") = "diagrams", "diagrams", "{4B03FF3A-FB79-4D32-AFB6-D81FDA738BD6}"
	ProjectSection(SolutionItems) = preProject
		docs\diagrams\system-context.json = docs\diagrams\system-context.json
		docs\diagrams\system-context.png = docs\diagrams\system-context.png
	EndProjectSection
EndProject
Project("{2150E333-8FDC-42A3-9474-1A3956D46DE8}") = "guidebook", "guidebook", "{C34E40B4-8602-4706-A88C-0BB867FB4A79}"
	ProjectSection(SolutionItems) = preProject
		docs\guidebook\code.md = docs\guidebook\code.md
		docs\guidebook\constraints.md = docs\guidebook\constraints.md
		docs\guidebook\context.md = docs\guidebook\context.md
		docs\guidebook\decision-log.md = docs\guidebook\decision-log.md
		docs\guidebook\deployment.md = docs\guidebook\deployment.md
		docs\guidebook\development-environment.md = docs\guidebook\development-environment.md
		docs\guidebook\functional-overview.md = docs\guidebook\functional-overview.md
		docs\guidebook\infrastructure-architecture.md = docs\guidebook\infrastructure-architecture.md
		docs\guidebook\introduction.md = docs\guidebook\introduction.md
		docs\guidebook\operation-support.md = docs\guidebook\operation-support.md
		docs\guidebook\principles.md = docs\guidebook\principles.md
		docs\guidebook\quality-attributes.md = docs\guidebook\quality-attributes.md
		docs\guidebook\software-architecture.md = docs\guidebook\software-architecture.md
	EndProjectSection
EndProject
Project("{2150E333-8FDC-42A3-9474-1A3956D46DE8}") = "src", "src", "{156E57EA-6CE0-45C1-BF67-97401E1D2F1D}"
EndProject
Project("{2150E333-8FDC-42A3-9474-1A3956D46DE8}") = "Apis", "Apis", "{0133551E-1E94-40DD-9FFF-9F14F79EFF49}"
EndProject
Project("{2150E333-8FDC-42A3-9474-1A3956D46DE8}") = "Products", "Products", "{D14EBB9E-A4EE-416E-BD7E-FF7AF48DD559}"
EndProject
Project("{9A19103F-16F7-4668-BE54-9A1E7A4F7556}") = "Products.Api", "src\Apis\Products\Products.Api\Products.Api.csproj", "{C779A58D-D24A-443E-9A11-F357270A4E11}"
EndProject
Project("{9A19103F-16F7-4668-BE54-9A1E7A4F7556}") = "Products.Core", "src\Apis\Products\Products.Core\Products.Core.csproj", "{103061D1-3C8F-4026-A445-E8BE044AE0AE}"
EndProject
Project("{9A19103F-16F7-4668-BE54-9A1E7A4F7556}") = "Products.Infrastructure", "src\Apis\Products\Products.Infrastructure\Products.Infrastructure.csproj", "{AB80771A-7B6A-4E38-9D23-1C7950D6E1DA}"
EndProject
Project("{FAE04EC0-301F-11D3-BF4B-00C04F79EFBC}") = "OilyTools.Core", "src\OilyTools.Core\OilyTools.Core.csproj", "{829126AB-8FEF-4EE1-BF80-1EE867F78DED}"
EndProject
Global
	GlobalSection(SolutionConfigurationPlatforms) = preSolution
		Debug|Any CPU = Debug|Any CPU
		Release|Any CPU = Release|Any CPU
	EndGlobalSection
	GlobalSection(ProjectConfigurationPlatforms) = postSolution
		{C779A58D-D24A-443E-9A11-F357270A4E11}.Debug|Any CPU.ActiveCfg = Debug|Any CPU
		{C779A58D-D24A-443E-9A11-F357270A4E11}.Debug|Any CPU.Build.0 = Debug|Any CPU
		{C779A58D-D24A-443E-9A11-F357270A4E11}.Release|Any CPU.ActiveCfg = Release|Any CPU
		{C779A58D-D24A-443E-9A11-F357270A4E11}.Release|Any CPU.Build.0 = Release|Any CPU
		{103061D1-3C8F-4026-A445-E8BE044AE0AE}.Debug|Any CPU.ActiveCfg = Debug|Any CPU
		{103061D1-3C8F-4026-A445-E8BE044AE0AE}.Debug|Any CPU.Build.0 = Debug|Any CPU
		{103061D1-3C8F-4026-A445-E8BE044AE0AE}.Release|Any CPU.ActiveCfg = Release|Any CPU
		{103061D1-3C8F-4026-A445-E8BE044AE0AE}.Release|Any CPU.Build.0 = Release|Any CPU
		{AB80771A-7B6A-4E38-9D23-1C7950D6E1DA}.Debug|Any CPU.ActiveCfg = Debug|Any CPU
		{AB80771A-7B6A-4E38-9D23-1C7950D6E1DA}.Debug|Any CPU.Build.0 = Debug|Any CPU
		{AB80771A-7B6A-4E38-9D23-1C7950D6E1DA}.Release|Any CPU.ActiveCfg = Release|Any CPU
		{AB80771A-7B6A-4E38-9D23-1C7950D6E1DA}.Release|Any CPU.Build.0 = Release|Any CPU
		{829126AB-8FEF-4EE1-BF80-1EE867F78DED}.Debug|Any CPU.ActiveCfg = Debug|Any CPU
		{829126AB-8FEF-4EE1-BF80-1EE867F78DED}.Debug|Any CPU.Build.0 = Debug|Any CPU
		{829126AB-8FEF-4EE1-BF80-1EE867F78DED}.Release|Any CPU.ActiveCfg = Release|Any CPU
		{829126AB-8FEF-4EE1-BF80-1EE867F78DED}.Release|Any CPU.Build.0 = Release|Any CPU
	EndGlobalSection
	GlobalSection(SolutionProperties) = preSolution
		HideSolutionNode = FALSE
	EndGlobalSection
	GlobalSection(NestedProjects) = preSolution
		{0133551E-1E94-40DD-9FFF-9F14F79EFF49} = {156E57EA-6CE0-45C1-BF67-97401E1D2F1D}
		{D14EBB9E-A4EE-416E-BD7E-FF7AF48DD559} = {0133551E-1E94-40DD-9FFF-9F14F79EFF49}
		{C779A58D-D24A-443E-9A11-F357270A4E11} = {D14EBB9E-A4EE-416E-BD7E-FF7AF48DD559}
		{103061D1-3C8F-4026-A445-E8BE044AE0AE} = {D14EBB9E-A4EE-416E-BD7E-FF7AF48DD559}
		{AB80771A-7B6A-4E38-9D23-1C7950D6E1DA} = {D14EBB9E-A4EE-416E-BD7E-FF7AF48DD559}
		{829126AB-8FEF-4EE1-BF80-1EE867F78DED} = {156E57EA-6CE0-45C1-BF67-97401E1D2F1D}
	EndGlobalSection
	GlobalSection(ExtensibilityGlobals) = postSolution
		SolutionGuid = {2E9A2091-1B2C-47BC-9D6A-C528160F88EA}
	EndGlobalSection
EndGlobal
